{
  "name": "ms-wt-21-11-sharedHolidayHomes",
  "lockfileVersion": 2,
  "requires": true,
  "packages": {
    "": {
      "dependencies": {
        "bootswatch": "^5.1.3",
        "tachyons": "^4.12.0"
      }
    },
    "node_modules/bootswatch": {
      "version": "5.1.3",
      "resolved": "https://registry.npmjs.org/bootswatch/-/bootswatch-5.1.3.tgz",
      "integrity": "sha512-NmZFN6rOCoXWQ/PkzmD8FFWDe24kocX9OXWHNVaLxVVnpqpAzEbMFsf8bAfKwVtpNXibasZCzv09B5fLieAh2g=="
    },
    "node_modules/tachyons": {
      "version": "4.12.0",
      "resolved": "https://registry.npmjs.org/tachyons/-/tachyons-4.12.0.tgz",
      "integrity": "sha512-2nA2IrYFy3raCM9fxJ2KODRGHVSZNTW3BR0YnlGsLUf1DA3pk3YfWZ/DdfbnZK6zLZS+jUenlUGJsKcA5fUiZg=="
    }
  },
  "dependencies": {
    "bootswatch": {
      "version": "5.1.3",
      "resolved": "https://registry.npmjs.org/bootswatch/-/bootswatch-5.1.3.tgz",
      "integrity": "sha512-NmZFN6rOCoXWQ/PkzmD8FFWDe24kocX9OXWHNVaLxVVnpqpAzEbMFsf8bAfKwVtpNXibasZCzv09B5fLieAh2g=="
    },
    "tachyons": {
      "version": "4.12.0",
      "resolved": "https://registry.npmjs.org/tachyons/-/tachyons-4.12.0.tgz",
      "integrity": "sha512-2nA2IrYFy3raCM9fxJ2KODRGHVSZNTW3BR0YnlGsLUf1DA3pk3YfWZ/DdfbnZK6zLZS+jUenlUGJsKcA5fUiZg=="
    }
  }
}
